
Microsoft Visual Studio Solution File, Format Version 12.00
# Visual Studio Version 17
VisualStudioVersion = 17.7.34202.233
MinimumVisualStudioVersion = 10.0.40219.1
Project("{FAE04EC0-301F-11D3-BF4B-00C04F79EFBC}") = "Sombras_SAEG.Android", "Sombras_SAEG\Sombras_SAEG.Android\Sombras_SAEG.Android.csproj", "{7CC2948A-1591-4C13-AF15-D85468CA5247}"
EndProject
Project("{FAE04EC0-301F-11D3-BF4B-00C04F79EFBC}") = "Sombras_SAEG.iOS", "Sombras_SAEG\Sombras_SAEG.iOS\Sombras_SAEG.iOS.csproj", "{97A80067-EAF2-4D29-A3C6-F759896321EA}"
EndProject
Project("{FAE04EC0-301F-11D3-BF4B-00C04F79EFBC}") = "Sombras_SAEG", "Sombras_SAEG\Sombras_SAEG\Sombras_SAEG.csproj", "{04FB7648-517B-4BCD-A060-3970821854E8}"
EndProject
Global
	GlobalSection(SolutionConfigurationPlatforms) = preSolution
		Debug|Any CPU = Debug|Any CPU
		Debug|iPhone = Debug|iPhone
		Debug|iPhoneSimulator = Debug|iPhoneSimulator
		Release|Any CPU = Release|Any CPU
		Release|iPhone = Release|iPhone
		Release|iPhoneSimulator = Release|iPhoneSimulator
	EndGlobalSection
	GlobalSection(ProjectConfigurationPlatforms) = postSolution
		{7CC2948A-1591-4C13-AF15-D85468CA5247}.Debug|Any CPU.ActiveCfg = Debug|Any CPU
		{7CC2948A-1591-4C13-AF15-D85468CA5247}.Debug|Any CPU.Build.0 = Debug|Any CPU
		{7CC2948A-1591-4C13-AF15-D85468CA5247}.Debug|Any CPU.Deploy.0 = Debug|Any CPU
		{7CC2948A-1591-4C13-AF15-D85468CA5247}.Debug|iPhone.ActiveCfg = Debug|Any CPU
		{7CC2948A-1591-4C13-AF15-D85468CA5247}.Debug|iPhone.Build.0 = Debug|Any CPU
		{7CC2948A-1591-4C13-AF15-D85468CA5247}.Debug|iPhone.Deploy.0 = Debug|Any CPU
		{7CC2948A-1591-4C13-AF15-D85468CA5247}.Debug|iPhoneSimulator.ActiveCfg = Debug|Any CPU
		{7CC2948A-1591-4C13-AF15-D85468CA5247}.Debug|iPhoneSimulator.Build.0 = Debug|Any CPU
		{7CC2948A-1591-4C13-AF15-D85468CA5247}.Debug|iPhoneSimulator.Deploy.0 = Debug|Any CPU
		{7CC2948A-1591-4C13-AF15-D85468CA5247}.Release|Any CPU.ActiveCfg = Release|Any CPU
		{7CC2948A-1591-4C13-AF15-D85468CA5247}.Release|Any CPU.Build.0 = Release|Any CPU
		{7CC2948A-1591-4C13-AF15-D85468CA5247}.Release|Any CPU.Deploy.0 = Release|Any CPU
		{7CC2948A-1591-4C13-AF15-D85468CA5247}.Release|iPhone.ActiveCfg = Release|Any CPU
		{7CC2948A-1591-4C13-AF15-D85468CA5247}.Release|iPhone.Build.0 = Release|Any CPU
		{7CC2948A-1591-4C13-AF15-D85468CA5247}.Release|iPhone.Deploy.0 = Release|Any CPU
		{7CC2948A-1591-4C13-AF15-D85468CA5247}.Release|iPhoneSimulator.ActiveCfg = Release|Any CPU
		{7CC2948A-1591-4C13-AF15-D85468CA5247}.Release|iPhoneSimulator.Build.0 = Release|Any CPU
		{7CC2948A-1591-4C13-AF15-D85468CA5247}.Release|iPhoneSimulator.Deploy.0 = Release|Any CPU
		{97A80067-EAF2-4D29-A3C6-F759896321EA}.Debug|Any CPU.ActiveCfg = Debug|iPhone
		{97A80067-EAF2-4D29-A3C6-F759896321EA}.Debug|Any CPU.Build.0 = Debug|iPhone
		{97A80067-EAF2-4D29-A3C6-F759896321EA}.Debug|Any CPU.Deploy.0 = Debug|iPhone
		{97A80067-EAF2-4D29-A3C6-F759896321EA}.Debug|iPhone.ActiveCfg = Debug|iPhone
		{97A80067-EAF2-4D29-A3C6-F759896321EA}.Debug|iPhone.Build.0 = Debug|iPhone
		{97A80067-EAF2-4D29-A3C6-F759896321EA}.Debug|iPhone.Deploy.0 = Debug|iPhone
		{97A80067-EAF2-4D29-A3C6-F759896321EA}.Debug|iPhoneSimulator.ActiveCfg = Debug|iPhoneSimulator
		{97A80067-EAF2-4D29-A3C6-F759896321EA}.Debug|iPhoneSimulator.Build.0 = Debug|iPhoneSimulator
		{97A80067-EAF2-4D29-A3C6-F759896321EA}.Debug|iPhoneSimulator.Deploy.0 = Debug|iPhoneSimulator
		{97A80067-EAF2-4D29-A3C6-F759896321EA}.Release|Any CPU.ActiveCfg = Release|iPhoneSimulator
		{97A80067-EAF2-4D29-A3C6-F759896321EA}.Release|Any CPU.Build.0 = Release|iPhoneSimulator
		{97A80067-EAF2-4D29-A3C6-F759896321EA}.Release|Any CPU.Deploy.0 = Release|iPhoneSimulator
		{97A80067-EAF2-4D29-A3C6-F759896321EA}.Release|iPhone.ActiveCfg = Release|iPhone
		{97A80067-EAF2-4D29-A3C6-F759896321EA}.Release|iPhone.Build.0 = Release|iPhone
		{97A80067-EAF2-4D29-A3C6-F759896321EA}.Release|iPhone.Deploy.0 = Release|iPhone
		{97A80067-EAF2-4D29-A3C6-F759896321EA}.Release|iPhoneSimulator.ActiveCfg = Release|iPhoneSimulator
		{97A80067-EAF2-4D29-A3C6-F759896321EA}.Release|iPhoneSimulator.Build.0 = Release|iPhoneSimulator
		{97A80067-EAF2-4D29-A3C6-F759896321EA}.Release|iPhoneSimulator.Deploy.0 = Release|iPhoneSimulator
		{04FB7648-517B-4BCD-A060-3970821854E8}.Debug|Any CPU.ActiveCfg = Debug|Any CPU
		{04FB7648-517B-4BCD-A060-3970821854E8}.Debug|Any CPU.Build.0 = Debug|Any CPU
		{04FB7648-517B-4BCD-A060-3970821854E8}.Debug|Any CPU.Deploy.0 = Debug|Any CPU
		{04FB7648-517B-4BCD-A060-3970821854E8}.Debug|iPhone.ActiveCfg = Debug|Any CPU
		{04FB7648-517B-4BCD-A060-3970821854E8}.Debug|iPhone.Build.0 = Debug|Any CPU
		{04FB7648-517B-4BCD-A060-3970821854E8}.Debug|iPhone.Deploy.0 = Debug|Any CPU
		{04FB7648-517B-4BCD-A060-3970821854E8}.Debug|iPhoneSimulator.ActiveCfg = Debug|Any CPU
		{04FB7648-517B-4BCD-A060-3970821854E8}.Debug|iPhoneSimulator.Build.0 = Debug|Any CPU
		{04FB7648-517B-4BCD-A060-3970821854E8}.Debug|iPhoneSimulator.Deploy.0 = Debug|Any CPU
		{04FB7648-517B-4BCD-A060-3970821854E8}.Release|Any CPU.ActiveCfg = Release|Any CPU
		{04FB7648-517B-4BCD-A060-3970821854E8}.Release|Any CPU.Build.0 = Release|Any CPU
		{04FB7648-517B-4BCD-A060-3970821854E8}.Release|Any CPU.Deploy.0 = Release|Any CPU
		{04FB7648-517B-4BCD-A060-3970821854E8}.Release|iPhone.ActiveCfg = Release|Any CPU
		{04FB7648-517B-4BCD-A060-3970821854E8}.Release|iPhone.Build.0 = Release|Any CPU
		{04FB7648-517B-4BCD-A060-3970821854E8}.Release|iPhone.Deploy.0 = Release|Any CPU
		{04FB7648-517B-4BCD-A060-3970821854E8}.Release|iPhoneSimulator.ActiveCfg = Release|Any CPU
		{04FB7648-517B-4BCD-A060-3970821854E8}.Release|iPhoneSimulator.Build.0 = Release|Any CPU
		{04FB7648-517B-4BCD-A060-3970821854E8}.Release|iPhoneSimulator.Deploy.0 = Release|Any CPU
	EndGlobalSection
	GlobalSection(SolutionProperties) = preSolution
		HideSolutionNode = FALSE
	EndGlobalSection
	GlobalSection(ExtensibilityGlobals) = postSolution
		SolutionGuid = {B9696D84-C3F0-4396-96A2-FC89439E9627}
	EndGlobalSection
EndGlobal
